// !$*UTF8*$!
{
	archiveVersion = 1;
	classes = {
	};
	objectVersion = 46;
	objects = {

/* Begin PBXBuildFile section */
		A82AB750FD814DC8C3764817 /* libPods.a in Frameworks */ = {isa = PBXBuildFile; fileRef = 77F93C38F00EF2A806D31F68 /* libPods.a */; };
		A854F1B51AA6D0D7006CAFC8 /* Foundation.framework in Frameworks */ = {isa = PBXBuildFile; fileRef = A854F1B41AA6D0D7006CAFC8 /* Foundation.framework */; };
		A854F1B71AA6D0D7006CAFC8 /* CoreGraphics.framework in Frameworks */ = {isa = PBXBuildFile; fileRef = A854F1B61AA6D0D7006CAFC8 /* CoreGraphics.framework */; };
		A854F1B91AA6D0D7006CAFC8 /* UIKit.framework in Frameworks */ = {isa = PBXBuildFile; fileRef = A854F1B81AA6D0D7006CAFC8 /* UIKit.framework */; };
		A854F1BF1AA6D0D7006CAFC8 /* InfoPlist.strings in Resources */ = {isa = PBXBuildFile; fileRef = A854F1BD1AA6D0D7006CAFC8 /* InfoPlist.strings */; };
		A854F1C11AA6D0D7006CAFC8 /* main.m in Sources */ = {isa = PBXBuildFile; fileRef = A854F1C01AA6D0D7006CAFC8 /* main.m */; };
		A854F1C51AA6D0D7006CAFC8 /* AppDelegate.m in Sources */ = {isa = PBXBuildFile; fileRef = A854F1C41AA6D0D7006CAFC8 /* AppDelegate.m */; };
		A854F1C81AA6D0D7006CAFC8 /* Main.storyboard in Resources */ = {isa = PBXBuildFile; fileRef = A854F1C61AA6D0D7006CAFC8 /* Main.storyboard */; };
		A854F1CB1AA6D0D7006CAFC8 /* ViewController.mm in Sources */ = {isa = PBXBuildFile; fileRef = A854F1CA1AA6D0D7006CAFC8 /* ViewController.mm */; };
		A854F1CD1AA6D0D7006CAFC8 /* Images.xcassets in Resources */ = {isa = PBXBuildFile; fileRef = A854F1CC1AA6D0D7006CAFC8 /* Images.xcassets */; };
		A854F1D41AA6D0D7006CAFC8 /* XCTest.framework in Frameworks */ = {isa = PBXBuildFile; fileRef = A854F1D31AA6D0D7006CAFC8 /* XCTest.framework */; };
		A854F1D51AA6D0D7006CAFC8 /* Foundation.framework in Frameworks */ = {isa = PBXBuildFile; fileRef = A854F1B41AA6D0D7006CAFC8 /* Foundation.framework */; };
		A854F1D61AA6D0D7006CAFC8 /* UIKit.framework in Frameworks */ = {isa = PBXBuildFile; fileRef = A854F1B81AA6D0D7006CAFC8 /* UIKit.framework */; };
		A854F1DE1AA6D0D7006CAFC8 /* InfoPlist.strings in Resources */ = {isa = PBXBuildFile; fileRef = A854F1DC1AA6D0D7006CAFC8 /* InfoPlist.strings */; };
		A854F1E01AA6D0D7006CAFC8 /* mandolinTests.m in Sources */ = {isa = PBXBuildFile; fileRef = A854F1DF1AA6D0D7006CAFC8 /* mandolinTests.m */; };
/* End PBXBuildFile section */

/* Begin PBXContainerItemProxy section */
		A854F1D71AA6D0D7006CAFC8 /* PBXContainerItemProxy */ = {
			isa = PBXContainerItemProxy;
			containerPortal = A854F1A91AA6D0D7006CAFC8 /* Project object */;
			proxyType = 1;
			remoteGlobalIDString = A854F1B01AA6D0D7006CAFC8;
			remoteInfo = mandolin;
		};
/* End PBXContainerItemProxy section */

/* Begin PBXFileReference section */
		77F93C38F00EF2A806D31F68 /* libPods.a */ = {isa = PBXFileReference; explicitFileType = archive.ar; includeInIndex = 0; path = libPods.a; sourceTree = BUILT_PRODUCTS_DIR; };
		A0C9FA6747E026922CFA6F49 /* Pods.debug.xcconfig */ = {isa = PBXFileReference; includeInIndex = 1; lastKnownFileType = text.xcconfig; name = Pods.debug.xcconfig; path = "Pods/Target Support Files/Pods/Pods.debug.xcconfig"; sourceTree = "<group>"; };
		A854F1B11AA6D0D7006CAFC8 /* mandolin.app */ = {isa = PBXFileReference; explicitFileType = wrapper.application; includeInIndex = 0; path = mandolin.app; sourceTree = BUILT_PRODUCTS_DIR; };
		A854F1B41AA6D0D7006CAFC8 /* Foundation.framework */ = {isa = PBXFileReference; lastKnownFileType = wrapper.framework; name = Foundation.framework; path = System/Library/Frameworks/Foundation.framework; sourceTree = SDKROOT; };
		A854F1B61AA6D0D7006CAFC8 /* CoreGraphics.framework */ = {isa = PBXFileReference; lastKnownFileType = wrapper.framework; name = CoreGraphics.framework; path = System/Library/Frameworks/CoreGraphics.framework; sourceTree = SDKROOT; };
		A854F1B81AA6D0D7006CAFC8 /* UIKit.framework */ = {isa = PBXFileReference; lastKnownFileType = wrapper.framework; name = UIKit.framework; path = System/Library/Frameworks/UIKit.framework; sourceTree = SDKROOT; };
		A854F1BC1AA6D0D7006CAFC8 /* mandolin-Info.plist */ = {isa = PBXFileReference; lastKnownFileType = text.plist.xml; path = "mandolin-Info.plist"; sourceTree = "<group>"; };
		A854F1BE1AA6D0D7006CAFC8 /* en */ = {isa = PBXFileReference; lastKnownFileType = text.plist.strings; name = en; path = en.lproj/InfoPlist.strings; sourceTree = "<group>"; };
		A854F1C01AA6D0D7006CAFC8 /* main.m */ = {isa = PBXFileReference; lastKnownFileType = sourcecode.c.objc; path = main.m; sourceTree = "<group>"; };
		A854F1C21AA6D0D7006CAFC8 /* mandolin-Prefix.pch */ = {isa = PBXFileReference; lastKnownFileType = sourcecode.c.h; path = "mandolin-Prefix.pch"; sourceTree = "<group>"; };
		A854F1C31AA6D0D7006CAFC8 /* AppDelegate.h */ = {isa = PBXFileReference; lastKnownFileType = sourcecode.c.h; path = AppDelegate.h; sourceTree = "<group>"; };
		A854F1C41AA6D0D7006CAFC8 /* AppDelegate.m */ = {isa = PBXFileReference; lastKnownFileType = sourcecode.c.objc; path = AppDelegate.m; sourceTree = "<group>"; };
		A854F1C71AA6D0D7006CAFC8 /* Base */ = {isa = PBXFileReference; lastKnownFileType = file.storyboard; name = Base; path = Base.lproj/Main.storyboard; sourceTree = "<group>"; };
		A854F1C91AA6D0D7006CAFC8 /* ViewController.h */ = {isa = PBXFileReference; lastKnownFileType = sourcecode.c.h; path = ViewController.h; sourceTree = "<group>"; };
		A854F1CA1AA6D0D7006CAFC8 /* ViewController.mm */ = {isa = PBXFileReference; lastKnownFileType = sourcecode.cpp.objcpp; path = ViewController.mm; sourceTree = "<group>"; };
		A854F1CC1AA6D0D7006CAFC8 /* Images.xcassets */ = {isa = PBXFileReference; lastKnownFileType = folder.assetcatalog; path = Images.xcassets; sourceTree = "<group>"; };
		A854F1D21AA6D0D7006CAFC8 /* mandolinTests.xctest */ = {isa = PBXFileReference; explicitFileType = wrapper.cfbundle; includeInIndex = 0; path = mandolinTests.xctest; sourceTree = BUILT_PRODUCTS_DIR; };
		A854F1D31AA6D0D7006CAFC8 /* XCTest.framework */ = {isa = PBXFileReference; lastKnownFileType = wrapper.framework; name = XCTest.framework; path = Library/Frameworks/XCTest.framework; sourceTree = DEVELOPER_DIR; };
		A854F1DB1AA6D0D7006CAFC8 /* mandolinTests-Info.plist */ = {isa = PBXFileReference; lastKnownFileType = text.plist.xml; path = "mandolinTests-Info.plist"; sourceTree = "<group>"; };
		A854F1DD1AA6D0D7006CAFC8 /* en */ = {isa = PBXFileReference; lastKnownFileType = text.plist.strings; name = en; path = en.lproj/InfoPlist.strings; sourceTree = "<group>"; };
		A854F1DF1AA6D0D7006CAFC8 /* mandolinTests.m */ = {isa = PBXFileReference; lastKnownFileType = sourcecode.c.objc; path = mandolinTests.m; sourceTree = "<group>"; };
		A854F1E91AA6D0E4006CAFC8 /* Podfile */ = {isa = PBXFileReference; lastKnownFileType = text; path = Podfile; sourceTree = "<group>"; };
		D5832A2E430CF1D2C6DE96AD /* Pods.release.xcconfig */ = {isa = PBXFileReference; includeInIndex = 1; lastKnownFileType = text.xcconfig; name = Pods.release.xcconfig; path = "Pods/Target Support Files/Pods/Pods.release.xcconfig"; sourceTree = "<group>"; };
/* End PBXFileReference section */

/* Begin PBXFrameworksBuildPhase section */
		A854F1AE1AA6D0D7006CAFC8 /* Frameworks */ = {
			isa = PBXFrameworksBuildPhase;
			buildActionMask = 2147483647;
			files = (
				A854F1B71AA6D0D7006CAFC8 /* CoreGraphics.framework in Frameworks */,
				A854F1B91AA6D0D7006CAFC8 /* UIKit.framework in Frameworks */,
				A854F1B51AA6D0D7006CAFC8 /* Foundation.framework in Frameworks */,
				A82AB750FD814DC8C3764817 /* libPods.a in Frameworks */,
			);
			runOnlyForDeploymentPostprocessing = 0;
		};
		A854F1CF1AA6D0D7006CAFC8 /* Frameworks */ = {
			isa = PBXFrameworksBuildPhase;
			buildActionMask = 2147483647;
			files = (
				A854F1D41AA6D0D7006CAFC8 /* XCTest.framework in Frameworks */,
				A854F1D61AA6D0D7006CAFC8 /* UIKit.framework in Frameworks */,
				A854F1D51AA6D0D7006CAFC8 /* Foundation.framework in Frameworks */,
			);
			runOnlyForDeploymentPostprocessing = 0;
		};
/* End PBXFrameworksBuildPhase section */

/* Begin PBXGroup section */
		A854F1A81AA6D0D7006CAFC8 = {
			isa = PBXGroup;
			children = (
				A854F1E91AA6D0E4006CAFC8 /* Podfile */,
				A854F1BA1AA6D0D7006CAFC8 /* mandolin */,
				A854F1D91AA6D0D7006CAFC8 /* mandolinTests */,
				A854F1B31AA6D0D7006CAFC8 /* Frameworks */,
				A854F1B21AA6D0D7006CAFC8 /* Products */,
				FD145EFB3DBA5BDEE218B8C4 /* Pods */,
			);
			sourceTree = "<group>";
		};
		A854F1B21AA6D0D7006CAFC8 /* Products */ = {
			isa = PBXGroup;
			children = (
				A854F1B11AA6D0D7006CAFC8 /* mandolin.app */,
				A854F1D21AA6D0D7006CAFC8 /* mandolinTests.xctest */,
			);
			name = Products;
			sourceTree = "<group>";
		};
		A854F1B31AA6D0D7006CAFC8 /* Frameworks */ = {
			isa = PBXGroup;
			children = (
				A854F1B41AA6D0D7006CAFC8 /* Foundation.framework */,
				A854F1B61AA6D0D7006CAFC8 /* CoreGraphics.framework */,
				A854F1B81AA6D0D7006CAFC8 /* UIKit.framework */,
				A854F1D31AA6D0D7006CAFC8 /* XCTest.framework */,
				77F93C38F00EF2A806D31F68 /* libPods.a */,
			);
			name = Frameworks;
			sourceTree = "<group>";
		};
		A854F1BA1AA6D0D7006CAFC8 /* mandolin */ = {
			isa = PBXGroup;
			children = (
				A854F1C31AA6D0D7006CAFC8 /* AppDelegate.h */,
				A854F1C41AA6D0D7006CAFC8 /* AppDelegate.m */,
				A854F1C61AA6D0D7006CAFC8 /* Main.storyboard */,
				A854F1C91AA6D0D7006CAFC8 /* ViewController.h */,
				A854F1CA1AA6D0D7006CAFC8 /* ViewController.mm */,
				A854F1CC1AA6D0D7006CAFC8 /* Images.xcassets */,
				A854F1BB1AA6D0D7006CAFC8 /* Supporting Files */,
			);
			path = mandolin;
			sourceTree = "<group>";
		};
		A854F1BB1AA6D0D7006CAFC8 /* Supporting Files */ = {
			isa = PBXGroup;
			children = (
				A854F1BC1AA6D0D7006CAFC8 /* mandolin-Info.plist */,
				A854F1BD1AA6D0D7006CAFC8 /* InfoPlist.strings */,
				A854F1C01AA6D0D7006CAFC8 /* main.m */,
				A854F1C21AA6D0D7006CAFC8 /* mandolin-Prefix.pch */,
			);
			name = "Supporting Files";
			sourceTree = "<group>";
		};
		A854F1D91AA6D0D7006CAFC8 /* mandolinTests */ = {
			isa = PBXGroup;
			children = (
				A854F1DF1AA6D0D7006CAFC8 /* mandolinTests.m */,
				A854F1DA1AA6D0D7006CAFC8 /* Supporting Files */,
			);
			path = mandolinTests;
			sourceTree = "<group>";
		};
		A854F1DA1AA6D0D7006CAFC8 /* Supporting Files */ = {
			isa = PBXGroup;
			children = (
				A854F1DB1AA6D0D7006CAFC8 /* mandolinTests-Info.plist */,
				A854F1DC1AA6D0D7006CAFC8 /* InfoPlist.strings */,
			);
			name = "Supporting Files";
			sourceTree = "<group>";
		};
		FD145EFB3DBA5BDEE218B8C4 /* Pods */ = {
			isa = PBXGroup;
			children = (
				A0C9FA6747E026922CFA6F49 /* Pods.debug.xcconfig */,
				D5832A2E430CF1D2C6DE96AD /* Pods.release.xcconfig */,
			);
			name = Pods;
			sourceTree = "<group>";
		};
/* End PBXGroup section */

/* Begin PBXNativeTarget section */
		A854F1B01AA6D0D7006CAFC8 /* mandolin */ = {
			isa = PBXNativeTarget;
			buildConfigurationList = A854F1E31AA6D0D7006CAFC8 /* Build configuration list for PBXNativeTarget "mandolin" */;
			buildPhases = (
				4783440A82F61C2EC4D2E0E6 /* Check Pods Manifest.lock */,
				A854F1AD1AA6D0D7006CAFC8 /* Sources */,
				A854F1AE1AA6D0D7006CAFC8 /* Frameworks */,
				A854F1AF1AA6D0D7006CAFC8 /* Resources */,
				6B427079B9671330FF36E5F8 /* Copy Pods Resources */,
			);
			buildRules = (
			);
			dependencies = (
			);
			name = mandolin;
			productName = mandolin;
			productReference = A854F1B11AA6D0D7006CAFC8 /* mandolin.app */;
			productType = "com.apple.product-type.application";
		};
		A854F1D11AA6D0D7006CAFC8 /* mandolinTests */ = {
			isa = PBXNativeTarget;
			buildConfigurationList = A854F1E61AA6D0D7006CAFC8 /* Build configuration list for PBXNativeTarget "mandolinTests" */;
			buildPhases = (
				A854F1CE1AA6D0D7006CAFC8 /* Sources */,
				A854F1CF1AA6D0D7006CAFC8 /* Frameworks */,
				A854F1D01AA6D0D7006CAFC8 /* Resources */,
			);
			buildRules = (
			);
			dependencies = (
				A854F1D81AA6D0D7006CAFC8 /* PBXTargetDependency */,
			);
			name = mandolinTests;
			productName = mandolinTests;
			productReference = A854F1D21AA6D0D7006CAFC8 /* mandolinTests.xctest */;
			productType = "com.apple.product-type.bundle.unit-test";
		};
/* End PBXNativeTarget section */

/* Begin PBXProject section */
		A854F1A91AA6D0D7006CAFC8 /* Project object */ = {
			isa = PBXProject;
			attributes = {
				LastUpgradeCheck = 0510;
				ORGANIZATIONNAME = nodigga;
				TargetAttributes = {
					A854F1D11AA6D0D7006CAFC8 = {
						TestTargetID = A854F1B01AA6D0D7006CAFC8;
					};
				};
			};
			buildConfigurationList = A854F1AC1AA6D0D7006CAFC8 /* Build configuration list for PBXProject "mandolin" */;
			compatibilityVersion = "Xcode 3.2";
			developmentRegion = English;
			hasScannedForEncodings = 0;
			knownRegions = (
				en,
				Base,
			);
			mainGroup = A854F1A81AA6D0D7006CAFC8;
			productRefGroup = A854F1B21AA6D0D7006CAFC8 /* Products */;
			projectDirPath = "";
			projectRoot = "";
			targets = (
				A854F1B01AA6D0D7006CAFC8 /* mandolin */,
				A854F1D11AA6D0D7006CAFC8 /* mandolinTests */,
			);
		};
/* End PBXProject section */

/* Begin PBXResourcesBuildPhase section */
		A854F1AF1AA6D0D7006CAFC8 /* Resources */ = {
			isa = PBXResourcesBuildPhase;
			buildActionMask = 2147483647;
			files = (
				A854F1CD1AA6D0D7006CAFC8 /* Images.xcassets in Resources */,
				A854F1BF1AA6D0D7006CAFC8 /* InfoPlist.strings in Resources */,
				A854F1C81AA6D0D7006CAFC8 /* Main.storyboard in Resources */,
			);
			runOnlyForDeploymentPostprocessing = 0;
		};
		A854F1D01AA6D0D7006CAFC8 /* Resources */ = {
			isa = PBXResourcesBuildPhase;
			buildActionMask = 2147483647;
			files = (
				A854F1DE1AA6D0D7006CAFC8 /* InfoPlist.strings in Resources */,
			);
			runOnlyForDeploymentPostprocessing = 0;
		};
/* End PBXResourcesBuildPhase section */

/* Begin PBXShellScriptBuildPhase section */
		4783440A82F61C2EC4D2E0E6 /* Check Pods Manifest.lock */ = {
			isa = PBXShellScriptBuildPhase;
			buildActionMask = 2147483647;
			files = (
			);
			inputPaths = (
			);
			name = "Check Pods Manifest.lock";
			outputPaths = (
			);
			runOnlyForDeploymentPostprocessing = 0;
			shellPath = /bin/sh;
			shellScript = "diff \"${PODS_ROOT}/../Podfile.lock\" \"${PODS_ROOT}/Manifest.lock\" > /dev/null\nif [[ $? != 0 ]] ; then\n    cat << EOM\nerror: The sandbox is not in sync with the Podfile.lock. Run 'pod install' or update your CocoaPods installation.\nEOM\n    exit 1\nfi\n";
			showEnvVarsInLog = 0;
		};
		6B427079B9671330FF36E5F8 /* Copy Pods Resources */ = {
			isa = PBXShellScriptBuildPhase;
			buildActionMask = 2147483647;
			files = (
			);
			inputPaths = (
			);
			name = "Copy Pods Resources";
			outputPaths = (
			);
			runOnlyForDeploymentPostprocessing = 0;
			shellPath = /bin/sh;
			shellScript = "\"${SRCROOT}/Pods/Target Support Files/Pods/Pods-resources.sh\"\n";
			showEnvVarsInLog = 0;
		};
/* End PBXShellScriptBuildPhase section */

/* Begin PBXSourcesBuildPhase section */
		A854F1AD1AA6D0D7006CAFC8 /* Sources */ = {
			isa = PBXSourcesBuildPhase;
			buildActionMask = 2147483647;
			files = (
				A854F1CB1AA6D0D7006CAFC8 /* ViewController.mm in Sources */,
				A854F1C51AA6D0D7006CAFC8 /* AppDelegate.m in Sources */,
				A854F1C11AA6D0D7006CAFC8 /* main.m in Sources */,
			);
			runOnlyForDeploymentPostprocessing = 0;
		};
		A854F1CE1AA6D0D7006CAFC8 /* Sources */ = {
			isa = PBXSourcesBuildPhase;
			buildActionMask = 2147483647;
			files = (
				A854F1E01AA6D0D7006CAFC8 /* mandolinTests.m in Sources */,
			);
			runOnlyForDeploymentPostprocessing = 0;
		};
/* End PBXSourcesBuildPhase section */

/* Begin PBXTargetDependency section */
		A854F1D81AA6D0D7006CAFC8 /* PBXTargetDependency */ = {
			isa = PBXTargetDependency;
			target = A854F1B01AA6D0D7006CAFC8 /* mandolin */;
			targetProxy = A854F1D71AA6D0D7006CAFC8 /* PBXContainerItemProxy */;
		};
/* End PBXTargetDependency section */

/* Begin PBXVariantGroup section */
		A854F1BD1AA6D0D7006CAFC8 /* InfoPlist.strings */ = {
			isa = PBXVariantGroup;
			children = (
				A854F1BE1AA6D0D7006CAFC8 /* en */,
			);
			name = InfoPlist.strings;
			sourceTree = "<group>";
		};
		A854F1C61AA6D0D7006CAFC8 /* Main.storyboard */ = {
			isa = PBXVariantGroup;
			children = (
				A854F1C71AA6D0D7006CAFC8 /* Base */,
			);
			name = Main.storyboard;
			sourceTree = "<group>";
		};
		A854F1DC1AA6D0D7006CAFC8 /* InfoPlist.strings */ = {
			isa = PBXVariantGroup;
			children = (
				A854F1DD1AA6D0D7006CAFC8 /* en */,
			);
			name = InfoPlist.strings;
			sourceTree = "<group>";
		};
/* End PBXVariantGroup section */

/* Begin XCBuildConfiguration section */
		A854F1E11AA6D0D7006CAFC8 /* Debug */ = {
			isa = XCBuildConfiguration;
			buildSettings = {
				ALWAYS_SEARCH_USER_PATHS = NO;
				CLANG_CXX_LANGUAGE_STANDARD = "gnu++0x";
				CLANG_CXX_LIBRARY = "libc++";
				CLANG_ENABLE_MODULES = YES;
				CLANG_ENABLE_OBJC_ARC = YES;
				CLANG_WARN_BOOL_CONVERSION = YES;
				CLANG_WARN_CONSTANT_CONVERSION = YES;
				CLANG_WARN_DIRECT_OBJC_ISA_USAGE = YES_ERROR;
				CLANG_WARN_EMPTY_BODY = YES;
				CLANG_WARN_ENUM_CONVERSION = YES;
				CLANG_WARN_INT_CONVERSION = YES;
				CLANG_WARN_OBJC_ROOT_CLASS = YES_ERROR;
				CLANG_WARN__DUPLICATE_METHOD_MATCH = YES;
				"CODE_SIGN_IDENTITY[sdk=iphoneos*]" = "iPhone Developer";
				COPY_PHASE_STRIP = NO;
				GCC_C_LANGUAGE_STANDARD = gnu99;
				GCC_DYNAMIC_NO_PIC = NO;
				GCC_OPTIMIZATION_LEVEL = 0;
				GCC_PREPROCESSOR_DEFINITIONS = (
					"DEBUG=1",
					"$(inherited)",
				);
				GCC_SYMBOLS_PRIVATE_EXTERN = NO;
				GCC_WARN_64_TO_32_BIT_CONVERSION = YES;
				GCC_WARN_ABOUT_RETURN_TYPE = YES_ERROR;
				GCC_WARN_UNDECLARED_SELECTOR = YES;
				GCC_WARN_UNINITIALIZED_AUTOS = YES_AGGRESSIVE;
				GCC_WARN_UNUSED_FUNCTION = YES;
				GCC_WARN_UNUSED_VARIABLE = YES;
				IPHONEOS_DEPLOYMENT_TARGET = 7.1;
				ONLY_ACTIVE_ARCH = YES;
				SDKROOT = iphoneos;
			};
			name = Debug;
		};
		A854F1E21AA6D0D7006CAFC8 /* Release */ = {
			isa = XCBuildConfiguration;
			buildSettings = {
				ALWAYS_SEARCH_USER_PATHS = NO;
				CLANG_CXX_LANGUAGE_STANDARD = "gnu++0x";
				CLANG_CXX_LIBRARY = "libc++";
				CLANG_ENABLE_MODULES = YES;
				CLANG_ENABLE_OBJC_ARC = YES;
				CLANG_WARN_BOOL_CONVERSION = YES;
				CLANG_WARN_CONSTANT_CONVERSION = YES;
				CLANG_WARN_DIRECT_OBJC_ISA_USAGE = YES_ERROR;
				CLANG_WARN_EMPTY_BODY = YES;
				CLANG_WARN_ENUM_CONVERSION = YES;
				CLANG_WARN_INT_CONVERSION = YES;
				CLANG_WARN_OBJC_ROOT_CLASS = YES_ERROR;
				CLANG_WARN__DUPLICATE_METHOD_MATCH = YES;
				"CODE_SIGN_IDENTITY[sdk=iphoneos*]" = "iPhone Developer";
				COPY_PHASE_STRIP = YES;
				ENABLE_NS_ASSERTIONS = NO;
				GCC_C_LANGUAGE_STANDARD = gnu99;
				GCC_WARN_64_TO_32_BIT_CONVERSION = YES;
				GCC_WARN_ABOUT_RETURN_TYPE = YES_ERROR;
				GCC_WARN_UNDECLARED_SELECTOR = YES;
				GCC_WARN_UNINITIALIZED_AUTOS = YES_AGGRESSIVE;
				GCC_WARN_UNUSED_FUNCTION = YES;
				GCC_WARN_UNUSED_VARIABLE = YES;
				IPHONEOS_DEPLOYMENT_TARGET = 7.1;
				SDKROOT = iphoneos;
				VALIDATE_PRODUCT = YES;
			};
			name = Release;
		};
		A854F1E41AA6D0D7006CAFC8 /* Debug */ = {
			isa = XCBuildConfiguration;
			baseConfigurationReference = A0C9FA6747E026922CFA6F49 /* Pods.debug.xcconfig */;
			buildSettings = {
				ASSETCATALOG_COMPILER_APPICON_NAME = AppIcon;
				ASSETCATALOG_COMPILER_LAUNCHIMAGE_NAME = LaunchImage;
				GCC_PRECOMPILE_PREFIX_HEADER = YES;
				GCC_PREFIX_HEADER = "mandolin/mandolin-Prefix.pch";
				INFOPLIST_FILE = "mandolin/mandolin-Info.plist";
				PRODUCT_NAME = "$(TARGET_NAME)";
				WRAPPER_EXTENSION = app;
			};
			name = Debug;
		};
		A854F1E51AA6D0D7006CAFC8 /* Release */ = {
			isa = XCBuildConfiguration;
			baseConfigurationReference = D5832A2E430CF1D2C6DE96AD /* Pods.release.xcconfig */;
			buildSettings = {
				ASSETCATALOG_COMPILER_APPICON_NAME = AppIcon;
				ASSETCATALOG_COMPILER_LAUNCHIMAGE_NAME = LaunchImage;
				GCC_PRECOMPILE_PREFIX_HEADER = YES;
				GCC_PREFIX_HEADER = "mandolin/mandolin-Prefix.pch";
				INFOPLIST_FILE = "mandolin/mandolin-Info.plist";
				PRODUCT_NAME = "$(TARGET_NAME)";
				WRAPPER_EXTENSION = app;
			};
			name = Release;
		};
		A854F1E71AA6D0D7006CAFC8 /* Debug */ = {
			isa = XCBuildConfiguration;
			buildSettings = {
				BUNDLE_LOADER = "$(BUILT_PRODUCTS_DIR)/mandolin.app/mandolin";
				FRAMEWORK_SEARCH_PATHS = (
					"$(SDKROOT)/Developer/Library/Frameworks",
					"$(inherited)",
					"$(DEVELOPER_FRAMEWORKS_DIR)",
				);
				GCC_PRECOMPILE_PREFIX_HEADER = YES;
				GCC_PREFIX_HEADER = "mandolin/mandolin-Prefix.pch";
				GCC_PREPROCESSOR_DEFINITIONS = (
					"DEBUG=1",
					"$(inherited)",
				);
				INFOPLIST_FILE = "mandolinTests/mandolinTests-Info.plist";
				PRODUCT_NAME = "$(TARGET_NAME)";
				TEST_HOST = "$(BUNDLE_LOADER)";
				WRAPPER_EXTENSION = xctest;
			};
			name = Debug;
		};
		A854F1E81AA6D0D7006CAFC8 /* Release */ = {
			isa = XCBuildConfiguration;
			buildSettings = {
				BUNDLE_LOADER = "$(BUILT_PRODUCTS_DIR)/mandolin.app/mandolin";
				FRAMEWORK_SEARCH_PATHS = (
					"$(SDKROOT)/Developer/Library/Frameworks",
					"$(inherited)",
					"$(DEVELOPER_FRAMEWORKS_DIR)",
				);
				GCC_PRECOMPILE_PREFIX_HEADER = YES;
				GCC_PREFIX_HEADER = "mandolin/mandolin-Prefix.pch";
				INFOPLIST_FILE = "mandolinTests/mandolinTests-Info.plist";
				PRODUCT_NAME = "$(TARGET_NAME)";
				TEST_HOST = "$(BUNDLE_LOADER)";
				WRAPPER_EXTENSION = xctest;
			};
			name = Release;
		};
/* End XCBuildConfiguration section */

/* Begin XCConfigurationList section */
		A854F1AC1AA6D0D7006CAFC8 /* Build configuration list for PBXProject "mandolin" */ = {
			isa = XCConfigurationList;
			buildConfigurations = (
				A854F1E11AA6D0D7006CAFC8 /* Debug */,
				A854F1E21AA6D0D7006CAFC8 /* Release */,
			);
			defaultConfigurationIsVisible = 0;
			defaultConfigurationName = Release;
		};
		A854F1E31AA6D0D7006CAFC8 /* Build configuration list for PBXNativeTarget "mandolin" */ = {
			isa = XCConfigurationList;
			buildConfigurations = (
				A854F1E41AA6D0D7006CAFC8 /* Debug */,
				A854F1E51AA6D0D7006CAFC8 /* Release */,
			);
			defaultConfigurationIsVisible = 0;
			defaultConfigurationName = Release;
		};
		A854F1E61AA6D0D7006CAFC8 /* Build configuration list for PBXNativeTarget "mandolinTests" */ = {
			isa = XCConfigurationList;
			buildConfigurations = (
				A854F1E71AA6D0D7006CAFC8 /* Debug */,
				A854F1E81AA6D0D7006CAFC8 /* Release */,
			);
			defaultConfigurationIsVisible = 0;
			defaultConfigurationName = Release;
		};
/* End XCConfigurationList section */
	};
	rootObject = A854F1A91AA6D0D7006CAFC8 /* Project object */;
}
